
Microsoft Visual Studio Solution File, Format Version 12.00
# Visual Studio Version 16
VisualStudioVersion = 16.0.29215.179
MinimumVisualStudioVersion = 10.0.40219.1
Project("{FAE04EC0-301F-11D3-BF4B-00C04F79EFBC}") = "ism4300myfirstapp", "ism4300myfirstapp.csproj", "{0829A9E5-7197-4CFB-876E-915981206BFB}"
EndProject
Global
	GlobalSection(SolutionConfigurationPlatforms) = preSolution
		Debug|Any CPU = Debug|Any CPU
		Release|Any CPU = Release|Any CPU
	EndGlobalSection
	GlobalSection(ProjectConfigurationPlatforms) = postSolution
		{0829A9E5-7197-4CFB-876E-915981206BFB}.Debug|Any CPU.ActiveCfg = Debug|Any CPU
		{0829A9E5-7197-4CFB-876E-915981206BFB}.Debug|Any CPU.Build.0 = Debug|Any CPU
		{0829A9E5-7197-4CFB-876E-915981206BFB}.Release|Any CPU.ActiveCfg = Release|Any CPU
		{0829A9E5-7197-4CFB-876E-915981206BFB}.Release|Any CPU.Build.0 = Release|Any CPU
	EndGlobalSection
	GlobalSection(SolutionProperties) = preSolution
		HideSolutionNode = FALSE
	EndGlobalSection
	GlobalSection(ExtensibilityGlobals) = postSolution
		SolutionGuid = {6EB4AA32-CB48-4387-832B-3094A854C39D}
	EndGlobalSection
EndGlobal
